
Microsoft Visual Studio Solution File, Format Version 12.00
# Visual Studio 14
VisualStudioVersion = 14.0.25420.1
MinimumVisualStudioVersion = 10.0.40219.1
Project("{8BC9CEB8-8B4A-11D0-8D11-00A0C91BC942}") = "cpp_console", "cpp_console\cpp_console.vcxproj", "{79EC3639-2456-4EE4-85E4-AFF8BDBB943F}"
EndProject
Project("{FAE04EC0-301F-11D3-BF4B-00C04F79EFBC}") = "csharp_console", "csharp_console\csharp_console.csproj", "{535153CE-7E48-41C1-AC6C-C107F43E6541}"
EndProject
Global
	GlobalSection(SolutionConfigurationPlatforms) = preSolution
		Debug|Any CPU = Debug|Any CPU
		Debug|x64 = Debug|x64
		Debug|x86 = Debug|x86
		Release|Any CPU = Release|Any CPU
		Release|x64 = Release|x64
		Release|x86 = Release|x86
	EndGlobalSection
	GlobalSection(ProjectConfigurationPlatforms) = postSolution
		{79EC3639-2456-4EE4-85E4-AFF8BDBB943F}.Debug|Any CPU.ActiveCfg = Debug|Win32
		{79EC3639-2456-4EE4-85E4-AFF8BDBB943F}.Debug|x64.ActiveCfg = Debug|x64
		{79EC3639-2456-4EE4-85E4-AFF8BDBB943F}.Debug|x64.Build.0 = Debug|x64
		{79EC3639-2456-4EE4-85E4-AFF8BDBB943F}.Debug|x86.ActiveCfg = Debug|Win32
		{79EC3639-2456-4EE4-85E4-AFF8BDBB943F}.Debug|x86.Build.0 = Debug|Win32
		{79EC3639-2456-4EE4-85E4-AFF8BDBB943F}.Release|Any CPU.ActiveCfg = Release|Win32
		{79EC3639-2456-4EE4-85E4-AFF8BDBB943F}.Release|x64.ActiveCfg = Release|x64
		{79EC3639-2456-4EE4-85E4-AFF8BDBB943F}.Release|x64.Build.0 = Release|x64
		{79EC3639-2456-4EE4-85E4-AFF8BDBB943F}.Release|x86.ActiveCfg = Release|Win32
		{79EC3639-2456-4EE4-85E4-AFF8BDBB943F}.Release|x86.Build.0 = Release|Win32
		{535153CE-7E48-41C1-AC6C-C107F43E6541}.Debug|Any CPU.ActiveCfg = Debug|Any CPU
		{535153CE-7E48-41C1-AC6C-C107F43E6541}.Debug|Any CPU.Build.0 = Debug|Any CPU
		{535153CE-7E48-41C1-AC6C-C107F43E6541}.Debug|x64.ActiveCfg = Debug|Any CPU
		{535153CE-7E48-41C1-AC6C-C107F43E6541}.Debug|x64.Build.0 = Debug|Any CPU
		{535153CE-7E48-41C1-AC6C-C107F43E6541}.Debug|x86.ActiveCfg = Debug|Any CPU
		{535153CE-7E48-41C1-AC6C-C107F43E6541}.Debug|x86.Build.0 = Debug|Any CPU
		{535153CE-7E48-41C1-AC6C-C107F43E6541}.Release|Any CPU.ActiveCfg = Release|Any CPU
		{535153CE-7E48-41C1-AC6C-C107F43E6541}.Release|Any CPU.Build.0 = Release|Any CPU
		{535153CE-7E48-41C1-AC6C-C107F43E6541}.Release|x64.ActiveCfg = Release|Any CPU
		{535153CE-7E48-41C1-AC6C-C107F43E6541}.Release|x64.Build.0 = Release|Any CPU
		{535153CE-7E48-41C1-AC6C-C107F43E6541}.Release|x86.ActiveCfg = Release|Any CPU
		{535153CE-7E48-41C1-AC6C-C107F43E6541}.Release|x86.Build.0 = Release|Any CPU
	EndGlobalSection
	GlobalSection(SolutionProperties) = preSolution
		HideSolutionNode = FALSE
	EndGlobalSection
EndGlobal
